// !$*UTF8*$!
{
	archiveVersion = 1;
	classes = {
	};
	objectVersion = 55;
	objects = {

/* Begin PBXBuildFile section */
		AA6F711C284E6DDD00A09442 /* scrcpy-server in Resources */ = {isa = PBXBuildFile; fileRef = AA6F711B284E6DDD00A09442 /* scrcpy-server */; };
		AAF222162848B03F00B732AE /* ViewController.m in Sources */ = {isa = PBXBuildFile; fileRef = AAF222152848B03F00B732AE /* ViewController.m */; };
		AAF222192848B03F00B732AE /* Main.storyboard in Resources */ = {isa = PBXBuildFile; fileRef = AAF222172848B03F00B732AE /* Main.storyboard */; };
		AAF2221B2848B04100B732AE /* Assets.xcassets in Resources */ = {isa = PBXBuildFile; fileRef = AAF2221A2848B04100B732AE /* Assets.xcassets */; };
		AAF2221E2848B04100B732AE /* LaunchScreen.storyboard in Resources */ = {isa = PBXBuildFile; fileRef = AAF2221C2848B04100B732AE /* LaunchScreen.storyboard */; };
		AAF222212848B04100B732AE /* main.m in Sources */ = {isa = PBXBuildFile; fileRef = AAF222202848B04100B732AE /* main.m */; };
		AAF222302848BDE300B732AE /* ScrcpyClient.m in Sources */ = {isa = PBXBuildFile; fileRef = AAF2222F2848BDE300B732AE /* ScrcpyClient.m */; };
		AAF2225C284B60CD00B732AE /* CVCreate.m in Sources */ = {isa = PBXBuildFile; fileRef = AAF2225A284B60CD00B732AE /* CVCreate.m */; };
/* End PBXBuildFile section */

/* Begin PBXFileReference section */
		AA6F711B284E6DDD00A09442 /* scrcpy-server */ = {isa = PBXFileReference; lastKnownFileType = file; name = "scrcpy-server"; path = "../../porting/server/scrcpy-server"; sourceTree = "<group>"; };
		AAF2220B2848B03F00B732AE /* scrcpy-ios.app */ = {isa = PBXFileReference; explicitFileType = wrapper.application; includeInIndex = 0; path = "scrcpy-ios.app"; sourceTree = BUILT_PRODUCTS_DIR; };
		AAF222142848B03F00B732AE /* ViewController.h */ = {isa = PBXFileReference; lastKnownFileType = sourcecode.c.h; path = ViewController.h; sourceTree = "<group>"; };
		AAF222152848B03F00B732AE /* ViewController.m */ = {isa = PBXFileReference; lastKnownFileType = sourcecode.c.objc; path = ViewController.m; sourceTree = "<group>"; };
		AAF222182848B03F00B732AE /* Base */ = {isa = PBXFileReference; lastKnownFileType = file.storyboard; name = Base; path = Base.lproj/Main.storyboard; sourceTree = "<group>"; };
		AAF2221A2848B04100B732AE /* Assets.xcassets */ = {isa = PBXFileReference; lastKnownFileType = folder.assetcatalog; path = Assets.xcassets; sourceTree = "<group>"; };
		AAF2221D2848B04100B732AE /* Base */ = {isa = PBXFileReference; lastKnownFileType = file.storyboard; name = Base; path = Base.lproj/LaunchScreen.storyboard; sourceTree = "<group>"; };
		AAF2221F2848B04100B732AE /* Info.plist */ = {isa = PBXFileReference; lastKnownFileType = text.plist.xml; path = Info.plist; sourceTree = "<group>"; };
		AAF222202848B04100B732AE /* main.m */ = {isa = PBXFileReference; lastKnownFileType = sourcecode.c.objc; path = main.m; sourceTree = "<group>"; };
		AAF2222E2848BDE300B732AE /* ScrcpyClient.h */ = {isa = PBXFileReference; lastKnownFileType = sourcecode.c.h; path = ScrcpyClient.h; sourceTree = "<group>"; };
		AAF2222F2848BDE300B732AE /* ScrcpyClient.m */ = {isa = PBXFileReference; lastKnownFileType = sourcecode.c.objc; path = ScrcpyClient.m; sourceTree = "<group>"; };
		AAF2225A284B60CD00B732AE /* CVCreate.m */ = {isa = PBXFileReference; fileEncoding = 4; lastKnownFileType = sourcecode.c.objc; name = CVCreate.m; path = "chainable-view/CVCreate.m"; sourceTree = SOURCE_ROOT; };
		AAF2225B284B60CD00B732AE /* CVCreate.h */ = {isa = PBXFileReference; fileEncoding = 4; lastKnownFileType = sourcecode.c.h; name = CVCreate.h; path = "chainable-view/CVCreate.h"; sourceTree = SOURCE_ROOT; };
/* End PBXFileReference section */

/* Begin PBXFrameworksBuildPhase section */
		AAF222082848B03F00B732AE /* Frameworks */ = {
			isa = PBXFrameworksBuildPhase;
			buildActionMask = 2147483647;
			files = (
			);
			runOnlyForDeploymentPostprocessing = 0;
		};
/* End PBXFrameworksBuildPhase section */

/* Begin PBXGroup section */
		AAF222022848B03F00B732AE = {
			isa = PBXGroup;
			children = (
				AAF2220D2848B03F00B732AE /* scrcpy-ios */,
				AAF2220C2848B03F00B732AE /* Products */,
			);
			sourceTree = "<group>";
		};
		AAF2220C2848B03F00B732AE /* Products */ = {
			isa = PBXGroup;
			children = (
				AAF2220B2848B03F00B732AE /* scrcpy-ios.app */,
			);
			name = Products;
			sourceTree = "<group>";
		};
		AAF2220D2848B03F00B732AE /* scrcpy-ios */ = {
			isa = PBXGroup;
			children = (
				AAF2225B284B60CD00B732AE /* CVCreate.h */,
				AAF2225A284B60CD00B732AE /* CVCreate.m */,
				AAF222142848B03F00B732AE /* ViewController.h */,
				AAF222152848B03F00B732AE /* ViewController.m */,
				AAF2222E2848BDE300B732AE /* ScrcpyClient.h */,
				AAF2222F2848BDE300B732AE /* ScrcpyClient.m */,
				AAF222172848B03F00B732AE /* Main.storyboard */,
				AAF2221A2848B04100B732AE /* Assets.xcassets */,
				AAF2221C2848B04100B732AE /* LaunchScreen.storyboard */,
				AAF2221F2848B04100B732AE /* Info.plist */,
				AA6F711B284E6DDD00A09442 /* scrcpy-server */,
				AAF222202848B04100B732AE /* main.m */,
			);
			path = "scrcpy-ios";
			sourceTree = "<group>";
		};
/* End PBXGroup section */

/* Begin PBXNativeTarget section */
		AAF2220A2848B03F00B732AE /* scrcpy-ios */ = {
			isa = PBXNativeTarget;
			buildConfigurationList = AAF222242848B04100B732AE /* Build configuration list for PBXNativeTarget "scrcpy-ios" */;
			buildPhases = (
				AAF222072848B03F00B732AE /* Sources */,
				AAF222082848B03F00B732AE /* Frameworks */,
				AAF222092848B03F00B732AE /* Resources */,
			);
			buildRules = (
			);
			dependencies = (
			);
			name = "scrcpy-ios";
			productName = "scrcpy-ios";
			productReference = AAF2220B2848B03F00B732AE /* scrcpy-ios.app */;
			productType = "com.apple.product-type.application";
		};
/* End PBXNativeTarget section */

/* Begin PBXProject section */
		AAF222032848B03F00B732AE /* Project object */ = {
			isa = PBXProject;
			attributes = {
				BuildIndependentTargetsInParallel = 1;
				LastUpgradeCheck = 1330;
				TargetAttributes = {
					AAF2220A2848B03F00B732AE = {
						CreatedOnToolsVersion = 13.3.1;
					};
				};
			};
			buildConfigurationList = AAF222062848B03F00B732AE /* Build configuration list for PBXProject "scrcpy-ios" */;
			compatibilityVersion = "Xcode 13.0";
			developmentRegion = en;
			hasScannedForEncodings = 0;
			knownRegions = (
				en,
				Base,
			);
			mainGroup = AAF222022848B03F00B732AE;
			productRefGroup = AAF2220C2848B03F00B732AE /* Products */;
			projectDirPath = "";
			projectRoot = "";
			targets = (
				AAF2220A2848B03F00B732AE /* scrcpy-ios */,
			);
		};
/* End PBXProject section */

/* Begin PBXResourcesBuildPhase section */
		AAF222092848B03F00B732AE /* Resources */ = {
			isa = PBXResourcesBuildPhase;
			buildActionMask = 2147483647;
			files = (
				AAF2221E2848B04100B732AE /* LaunchScreen.storyboard in Resources */,
				AA6F711C284E6DDD00A09442 /* scrcpy-server in Resources */,
				AAF2221B2848B04100B732AE /* Assets.xcassets in Resources */,
				AAF222192848B03F00B732AE /* Main.storyboard in Resources */,
			);
			runOnlyForDeploymentPostprocessing = 0;
		};
/* End PBXResourcesBuildPhase section */

/* Begin PBXSourcesBuildPhase section */
		AAF222072848B03F00B732AE /* Sources */ = {
			isa = PBXSourcesBuildPhase;
			buildActionMask = 2147483647;
			files = (
				AAF222162848B03F00B732AE /* ViewController.m in Sources */,
				AAF222302848BDE300B732AE /* ScrcpyClient.m in Sources */,
				AAF2225C284B60CD00B732AE /* CVCreate.m in Sources */,
				AAF222212848B04100B732AE /* main.m in Sources */,
			);
			runOnlyForDeploymentPostprocessing = 0;
		};
/* End PBXSourcesBuildPhase section */

/* Begin PBXVariantGroup section */
		AAF222172848B03F00B732AE /* Main.storyboard */ = {
			isa = PBXVariantGroup;
			children = (
				AAF222182848B03F00B732AE /* Base */,
			);
			name = Main.storyboard;
			sourceTree = "<group>";
		};
		AAF2221C2848B04100B732AE /* LaunchScreen.storyboard */ = {
			isa = PBXVariantGroup;
			children = (
				AAF2221D2848B04100B732AE /* Base */,
			);
			name = LaunchScreen.storyboard;
			sourceTree = "<group>";
		};
/* End PBXVariantGroup section */

/* Begin XCBuildConfiguration section */
		AAF222222848B04100B732AE /* Debug */ = {
			isa = XCBuildConfiguration;
			buildSettings = {
				ALWAYS_SEARCH_USER_PATHS = NO;
				CLANG_ANALYZER_NONNULL = YES;
				CLANG_ANALYZER_NUMBER_OBJECT_CONVERSION = YES_AGGRESSIVE;
				CLANG_CXX_LANGUAGE_STANDARD = "gnu++17";
				CLANG_ENABLE_MODULES = YES;
				CLANG_ENABLE_OBJC_ARC = YES;
				CLANG_ENABLE_OBJC_WEAK = YES;
				CLANG_WARN_BLOCK_CAPTURE_AUTORELEASING = YES;
				CLANG_WARN_BOOL_CONVERSION = YES;
				CLANG_WARN_COMMA = YES;
				CLANG_WARN_CONSTANT_CONVERSION = YES;
				CLANG_WARN_DEPRECATED_OBJC_IMPLEMENTATIONS = YES;
				CLANG_WARN_DIRECT_OBJC_ISA_USAGE = YES_ERROR;
				CLANG_WARN_DOCUMENTATION_COMMENTS = YES;
				CLANG_WARN_EMPTY_BODY = YES;
				CLANG_WARN_ENUM_CONVERSION = YES;
				CLANG_WARN_INFINITE_RECURSION = YES;
				CLANG_WARN_INT_CONVERSION = YES;
				CLANG_WARN_NON_LITERAL_NULL_CONVERSION = YES;
				CLANG_WARN_OBJC_IMPLICIT_RETAIN_SELF = YES;
				CLANG_WARN_OBJC_LITERAL_CONVERSION = YES;
				CLANG_WARN_OBJC_ROOT_CLASS = YES_ERROR;
				CLANG_WARN_QUOTED_INCLUDE_IN_FRAMEWORK_HEADER = YES;
				CLANG_WARN_RANGE_LOOP_ANALYSIS = YES;
				CLANG_WARN_STRICT_PROTOTYPES = YES;
				CLANG_WARN_SUSPICIOUS_MOVE = YES;
				CLANG_WARN_UNGUARDED_AVAILABILITY = YES_AGGRESSIVE;
				CLANG_WARN_UNREACHABLE_CODE = YES;
				CLANG_WARN__DUPLICATE_METHOD_MATCH = YES;
				COPY_PHASE_STRIP = NO;
				DEBUG_INFORMATION_FORMAT = dwarf;
				ENABLE_STRICT_OBJC_MSGSEND = YES;
				ENABLE_TESTABILITY = YES;
				GCC_C_LANGUAGE_STANDARD = gnu11;
				GCC_DYNAMIC_NO_PIC = NO;
				GCC_NO_COMMON_BLOCKS = YES;
				GCC_OPTIMIZATION_LEVEL = 0;
				GCC_PREPROCESSOR_DEFINITIONS = (
					"DEBUG=1",
					"$(inherited)",
				);
				GCC_WARN_64_TO_32_BIT_CONVERSION = YES;
				GCC_WARN_ABOUT_RETURN_TYPE = YES_ERROR;
				GCC_WARN_UNDECLARED_SELECTOR = YES;
				GCC_WARN_UNINITIALIZED_AUTOS = YES_AGGRESSIVE;
				GCC_WARN_UNUSED_FUNCTION = YES;
				GCC_WARN_UNUSED_VARIABLE = YES;
				IPHONEOS_DEPLOYMENT_TARGET = 15.4;
				MTL_ENABLE_DEBUG_INFO = INCLUDE_SOURCE;
				MTL_FAST_MATH = YES;
				ONLY_ACTIVE_ARCH = YES;
				SDKROOT = iphoneos;
			};
			name = Debug;
		};
		AAF222232848B04100B732AE /* Release */ = {
			isa = XCBuildConfiguration;
			buildSettings = {
				ALWAYS_SEARCH_USER_PATHS = NO;
				CLANG_ANALYZER_NONNULL = YES;
				CLANG_ANALYZER_NUMBER_OBJECT_CONVERSION = YES_AGGRESSIVE;
				CLANG_CXX_LANGUAGE_STANDARD = "gnu++17";
				CLANG_ENABLE_MODULES = YES;
				CLANG_ENABLE_OBJC_ARC = YES;
				CLANG_ENABLE_OBJC_WEAK = YES;
				CLANG_WARN_BLOCK_CAPTURE_AUTORELEASING = YES;
				CLANG_WARN_BOOL_CONVERSION = YES;
				CLANG_WARN_COMMA = YES;
				CLANG_WARN_CONSTANT_CONVERSION = YES;
				CLANG_WARN_DEPRECATED_OBJC_IMPLEMENTATIONS = YES;
				CLANG_WARN_DIRECT_OBJC_ISA_USAGE = YES_ERROR;
				CLANG_WARN_DOCUMENTATION_COMMENTS = YES;
				CLANG_WARN_EMPTY_BODY = YES;
				CLANG_WARN_ENUM_CONVERSION = YES;
				CLANG_WARN_INFINITE_RECURSION = YES;
				CLANG_WARN_INT_CONVERSION = YES;
				CLANG_WARN_NON_LITERAL_NULL_CONVERSION = YES;
				CLANG_WARN_OBJC_IMPLICIT_RETAIN_SELF = YES;
				CLANG_WARN_OBJC_LITERAL_CONVERSION = YES;
				CLANG_WARN_OBJC_ROOT_CLASS = YES_ERROR;
				CLANG_WARN_QUOTED_INCLUDE_IN_FRAMEWORK_HEADER = YES;
				CLANG_WARN_RANGE_LOOP_ANALYSIS = YES;
				CLANG_WARN_STRICT_PROTOTYPES = YES;
				CLANG_WARN_SUSPICIOUS_MOVE = YES;
				CLANG_WARN_UNGUARDED_AVAILABILITY = YES_AGGRESSIVE;
				CLANG_WARN_UNREACHABLE_CODE = YES;
				CLANG_WARN__DUPLICATE_METHOD_MATCH = YES;
				COPY_PHASE_STRIP = NO;
				DEBUG_INFORMATION_FORMAT = "dwarf-with-dsym";
				ENABLE_NS_ASSERTIONS = NO;
				ENABLE_STRICT_OBJC_MSGSEND = YES;
				GCC_C_LANGUAGE_STANDARD = gnu11;
				GCC_NO_COMMON_BLOCKS = YES;
				GCC_WARN_64_TO_32_BIT_CONVERSION = YES;
				GCC_WARN_ABOUT_RETURN_TYPE = YES_ERROR;
				GCC_WARN_UNDECLARED_SELECTOR = YES;
				GCC_WARN_UNINITIALIZED_AUTOS = YES_AGGRESSIVE;
				GCC_WARN_UNUSED_FUNCTION = YES;
				GCC_WARN_UNUSED_VARIABLE = YES;
				IPHONEOS_DEPLOYMENT_TARGET = 15.4;
				MTL_ENABLE_DEBUG_INFO = NO;
				MTL_FAST_MATH = YES;
				SDKROOT = iphoneos;
				VALIDATE_PRODUCT = YES;
			};
			name = Release;
		};
		AAF222252848B04100B732AE /* Debug */ = {
			isa = XCBuildConfiguration;
			buildSettings = {
				"ARCHS[sdk=iphonesimulator*]" = x86_64;
				ASSETCATALOG_COMPILER_APPICON_NAME = AppIcon;
				ASSETCATALOG_COMPILER_GLOBAL_ACCENT_COLOR_NAME = AccentColor;
				CODE_SIGN_STYLE = Automatic;
				CURRENT_PROJECT_VERSION = 1;
				DEVELOPMENT_TEAM = K8Q74NT2BG;
				ENABLE_BITCODE = NO;
				GENERATE_INFOPLIST_FILE = YES;
				HEADER_SEARCH_PATHS = (
					"$(SRCROOT)/../scrcpy/app/src",
					"$(SRCROOT)/../porting/include",
					"$(SRCROOT)/../external/adb-mobile/output/include",
					"$(SRCROOT)/../output/include",
					"$(SRCROOT)/../scrcpy/x/app",
				);
				INFOPLIST_FILE = "scrcpy-ios/Info.plist";
				INFOPLIST_KEY_CFBundleDisplayName = Scrcpy;
				INFOPLIST_KEY_UIApplicationSupportsIndirectInputEvents = YES;
				INFOPLIST_KEY_UILaunchStoryboardName = LaunchScreen;
				INFOPLIST_KEY_UIMainStoryboardFile = Main;
				INFOPLIST_KEY_UIRequiresFullScreen = YES;
				INFOPLIST_KEY_UIStatusBarHidden = YES;
				INFOPLIST_KEY_UISupportedInterfaceOrientations = "UIInterfaceOrientationPortrait UIInterfaceOrientationPortraitUpsideDown UIInterfaceOrientationLandscapeRight UIInterfaceOrientationLandscapeLeft";
				INFOPLIST_KEY_UISupportedInterfaceOrientations_iPad = "UIInterfaceOrientationPortrait UIInterfaceOrientationPortraitUpsideDown UIInterfaceOrientationLandscapeLeft UIInterfaceOrientationLandscapeRight";
				INFOPLIST_KEY_UISupportedInterfaceOrientations_iPhone = "UIInterfaceOrientationPortrait UIInterfaceOrientationLandscapeLeft UIInterfaceOrientationLandscapeRight";
				IPHONEOS_DEPLOYMENT_TARGET = 13.0;
				LD_RUNPATH_SEARCH_PATHS = (
					"$(inherited)",
					"@executable_path/Frameworks",
				);
				LIBRARY_SEARCH_PATHS = (
					"$(SRCROOT)/../external/adb-mobile/output",
					"$(SRCROOT)/../output/iphone",
				);
				MARKETING_VERSION = 1.0;
				OTHER_LDFLAGS = (
					"-ObjC",
					"-ladb",
					"-lscrcpy",
					"-lSDL2",
					"-lavfilter",
					"-lavdevice",
					"-lavcodec",
					"-lavformat",
					"-lavutil",
					"-lswresample",
					"-lswscale",
					"-framework",
					AVFoundation,
					"-framework",
					VideoToolbox,
					"-framework",
					CoreMedia,
					"-framework",
					AudioToolbox,
					"-framework",
					AVFAudio,
					"-framework",
					CoreMotion,
					"-framework",
					CoreHaptics,
					"-framework",
					GameController,
					"-lbz2",
					"-liconv",
					"-lz",
					"-lc++",
					"-framework",
					UIKit,
					"-framework",
					Metal,
					"-framework",
					QuartzCore,
					"-framework",
					CoreGraphics,
					"-framework",
					CoreBluetooth,
				);
				PRODUCT_BUNDLE_IDENTIFIER = "com.mobile.scrcpy-ios";
				PRODUCT_NAME = "$(TARGET_NAME)";
				SWIFT_EMIT_LOC_STRINGS = YES;
				TARGETED_DEVICE_FAMILY = "1,2";
			};
			name = Debug;
		};
		AAF222262848B04100B732AE /* Release */ = {
			isa = XCBuildConfiguration;
			buildSettings = {
				ASSETCATALOG_COMPILER_APPICON_NAME = AppIcon;
				ASSETCATALOG_COMPILER_GLOBAL_ACCENT_COLOR_NAME = AccentColor;
				CODE_SIGN_STYLE = Automatic;
				CURRENT_PROJECT_VERSION = 1;
				DEVELOPMENT_TEAM = K8Q74NT2BG;
				ENABLE_BITCODE = NO;
				GENERATE_INFOPLIST_FILE = YES;
				HEADER_SEARCH_PATHS = (
					"$(SRCROOT)/../scrcpy/app/src",
					"$(SRCROOT)/../porting/include",
					"$(SRCROOT)/../external/adb-mobile/output/include",
					"$(SRCROOT)/../output/include",
					"$(SRCROOT)/../scrcpy/x/app",
				);
				INFOPLIST_FILE = "scrcpy-ios/Info.plist";
				INFOPLIST_KEY_CFBundleDisplayName = Scrcpy;
				INFOPLIST_KEY_UIApplicationSupportsIndirectInputEvents = YES;
				INFOPLIST_KEY_UILaunchStoryboardName = LaunchScreen;
				INFOPLIST_KEY_UIMainStoryboardFile = Main;
				INFOPLIST_KEY_UIRequiresFullScreen = YES;
				INFOPLIST_KEY_UIStatusBarHidden = YES;
				INFOPLIST_KEY_UISupportedInterfaceOrientations = "UIInterfaceOrientationPortrait UIInterfaceOrientationPortraitUpsideDown UIInterfaceOrientationLandscapeRight UIInterfaceOrientationLandscapeLeft";
				INFOPLIST_KEY_UISupportedInterfaceOrientations_iPad = "UIInterfaceOrientationPortrait UIInterfaceOrientationPortraitUpsideDown UIInterfaceOrientationLandscapeLeft UIInterfaceOrientationLandscapeRight";
				INFOPLIST_KEY_UISupportedInterfaceOrientations_iPhone = "UIInterfaceOrientationPortrait UIInterfaceOrientationLandscapeLeft UIInterfaceOrientationLandscapeRight";
				IPHONEOS_DEPLOYMENT_TARGET = 13.0;
				LD_RUNPATH_SEARCH_PATHS = (
					"$(inherited)",
					"@executable_path/Frameworks",
				);
				LIBRARY_SEARCH_PATHS = (
					"$(SRCROOT)/../external/adb-mobile/output",
					"$(SRCROOT)/../output/iphone",
				);
				MARKETING_VERSION = 1.0;
				OTHER_LDFLAGS = (
					"-ObjC",
					"-ladb",
					"-lscrcpy",
					"-lSDL2",
					"-lavfilter",
					"-lavdevice",
					"-lavcodec",
					"-lavformat",
					"-lavutil",
					"-lswresample",
					"-lswscale",
					"-framework",
					AVFoundation,
					"-framework",
					VideoToolbox,
					"-framework",
					CoreMedia,
					"-framework",
					AudioToolbox,
					"-framework",
					AVFAudio,
					"-framework",
					CoreMotion,
					"-framework",
					CoreHaptics,
					"-framework",
					GameController,
					"-lbz2",
					"-liconv",
					"-lz",
					"-lc++",
					"-framework",
					UIKit,
					"-framework",
					Metal,
					"-framework",
					QuartzCore,
					"-framework",
					CoreGraphics,
					"-framework",
					CoreBluetooth,
				);
				PRODUCT_BUNDLE_IDENTIFIER = "com.mobile.scrcpy-ios";
				PRODUCT_NAME = "$(TARGET_NAME)";
				SWIFT_EMIT_LOC_STRINGS = YES;
				TARGETED_DEVICE_FAMILY = "1,2";
			};
			name = Release;
		};
/* End XCBuildConfiguration section */

/* Begin XCConfigurationList section */
		AAF222062848B03F00B732AE /* Build configuration list for PBXProject "scrcpy-ios" */ = {
			isa = XCConfigurationList;
			buildConfigurations = (
				AAF222222848B04100B732AE /* Debug */,
				AAF222232848B04100B732AE /* Release */,
			);
			defaultConfigurationIsVisible = 0;
			defaultConfigurationName = Release;
		};
		AAF222242848B04100B732AE /* Build configuration list for PBXNativeTarget "scrcpy-ios" */ = {
			isa = XCConfigurationList;
			buildConfigurations = (
				AAF222252848B04100B732AE /* Debug */,
				AAF222262848B04100B732AE /* Release */,
			);
			defaultConfigurationIsVisible = 0;
			defaultConfigurationName = Release;
		};
/* End XCConfigurationList section */
	};
	rootObject = AAF222032848B03F00B732AE /* Project object */;
}
