// !$*UTF8*$!
{
	archiveVersion = 1;
	classes = {
	};
	objectVersion = 55;
	objects = {

/* Begin PBXBuildFile section */
		AA18E3A9285264BB00A8B07D /* KFKeychain.m in Sources */ = {isa = PBXBuildFile; fileRef = AA18E3A8285264BB00A8B07D /* KFKeychain.m */; };
		AA18E3AC2852664F00A8B07D /* MBProgressHUD.m in Sources */ = {isa = PBXBuildFile; fileRef = AA18E3AB2852664F00A8B07D /* MBProgressHUD.m */; };
		AA18E3B22853AC7F00A8B07D /* SDL_uikitviewcontroller+Extend.m in Sources */ = {isa = PBXBuildFile; fileRef = AA18E3B12853AC7F00A8B07D /* SDL_uikitviewcontroller+Extend.m */; };
		AA18E3B52854BCE300A8B07D /* SDLUIKitDelegate+Extend.m in Sources */ = {isa = PBXBuildFile; fileRef = AA18E3B42854BCE300A8B07D /* SDLUIKitDelegate+Extend.m */; };
		AA18E4042854EC7400A8B07D /* XLFormTextViewCell.m in Sources */ = {isa = PBXBuildFile; fileRef = AA18E3B72854EC7400A8B07D /* XLFormTextViewCell.m */; };
		AA18E4052854EC7400A8B07D /* XLFormViewController.m in Sources */ = {isa = PBXBuildFile; fileRef = AA18E3B82854EC7400A8B07D /* XLFormViewController.m */; };
		AA18E4062854EC7400A8B07D /* XLFormStepCounterCell.m in Sources */ = {isa = PBXBuildFile; fileRef = AA18E3BA2854EC7400A8B07D /* XLFormStepCounterCell.m */; };
		AA18E4072854EC7400A8B07D /* NSObject+XLFormAdditions.m in Sources */ = {isa = PBXBuildFile; fileRef = AA18E3BB2854EC7400A8B07D /* NSObject+XLFormAdditions.m */; };
		AA18E4082854EC7400A8B07D /* NSPredicate+XLFormAdditions.m in Sources */ = {isa = PBXBuildFile; fileRef = AA18E3BC2854EC7400A8B07D /* NSPredicate+XLFormAdditions.m */; };
		AA18E4092854EC7400A8B07D /* XLFormSegmentedCell.m in Sources */ = {isa = PBXBuildFile; fileRef = AA18E3BD2854EC7400A8B07D /* XLFormSegmentedCell.m */; };
		AA18E40A2854EC7400A8B07D /* XLFormCheckCell.m in Sources */ = {isa = PBXBuildFile; fileRef = AA18E3BE2854EC7400A8B07D /* XLFormCheckCell.m */; };
		AA18E40B2854EC7400A8B07D /* NSExpression+XLFormAdditions.m in Sources */ = {isa = PBXBuildFile; fileRef = AA18E3BF2854EC7400A8B07D /* NSExpression+XLFormAdditions.m */; };
		AA18E40C2854EC7400A8B07D /* XLFormButtonCell.m in Sources */ = {isa = PBXBuildFile; fileRef = AA18E3C02854EC7400A8B07D /* XLFormButtonCell.m */; };
		AA18E40D2854EC7400A8B07D /* XLFormRightImageButton.m in Sources */ = {isa = PBXBuildFile; fileRef = AA18E3C22854EC7400A8B07D /* XLFormRightImageButton.m */; };
		AA18E40E2854EC7400A8B07D /* XLFormTextView.m in Sources */ = {isa = PBXBuildFile; fileRef = AA18E3C32854EC7400A8B07D /* XLFormTextView.m */; };
		AA18E40F2854EC7400A8B07D /* XLFormSectionDescriptor.m in Sources */ = {isa = PBXBuildFile; fileRef = AA18E3C82854EC7400A8B07D /* XLFormSectionDescriptor.m */; };
		AA18E4102854EC7400A8B07D /* XLFormBaseCell.m in Sources */ = {isa = PBXBuildFile; fileRef = AA18E3CB2854EC7400A8B07D /* XLFormBaseCell.m */; };
		AA18E4112854EC7400A8B07D /* XLFormRegexValidator.m in Sources */ = {isa = PBXBuildFile; fileRef = AA18E3CC2854EC7400A8B07D /* XLFormRegexValidator.m */; };
		AA18E4122854EC7400A8B07D /* XLFormSwitchCell.m in Sources */ = {isa = PBXBuildFile; fileRef = AA18E3D12854EC7400A8B07D /* XLFormSwitchCell.m */; };
		AA18E4132854EC7400A8B07D /* XLFormRowNavigationAccessoryView.m in Sources */ = {isa = PBXBuildFile; fileRef = AA18E3D52854EC7400A8B07D /* XLFormRowNavigationAccessoryView.m */; };
		AA18E4142854EC7400A8B07D /* XLFormSliderCell.m in Sources */ = {isa = PBXBuildFile; fileRef = AA18E3D92854EC7400A8B07D /* XLFormSliderCell.m */; };
		AA18E4152854EC7400A8B07D /* XLFormValidationStatus.m in Sources */ = {isa = PBXBuildFile; fileRef = AA18E3DA2854EC7400A8B07D /* XLFormValidationStatus.m */; };
		AA18E4162854EC7400A8B07D /* XLFormRightDetailCell.m in Sources */ = {isa = PBXBuildFile; fileRef = AA18E3DC2854EC7400A8B07D /* XLFormRightDetailCell.m */; };
		AA18E4172854EC7400A8B07D /* NSString+XLFormAdditions.m in Sources */ = {isa = PBXBuildFile; fileRef = AA18E3DD2854EC7400A8B07D /* NSString+XLFormAdditions.m */; };
		AA18E4182854EC7400A8B07D /* XLFormInlineSelectorCell.m in Sources */ = {isa = PBXBuildFile; fileRef = AA18E3E12854EC7400A8B07D /* XLFormInlineSelectorCell.m */; };
		AA18E4192854EC7400A8B07D /* XLFormRowDescriptor.m in Sources */ = {isa = PBXBuildFile; fileRef = AA18E3E42854EC7400A8B07D /* XLFormRowDescriptor.m */; };
		AA18E41A2854EC7400A8B07D /* XLFormDescriptor.m in Sources */ = {isa = PBXBuildFile; fileRef = AA18E3E82854EC7400A8B07D /* XLFormDescriptor.m */; };
		AA18E41B2854EC7400A8B07D /* XLFormImageCell.m in Sources */ = {isa = PBXBuildFile; fileRef = AA18E3ED2854EC7400A8B07D /* XLFormImageCell.m */; };
		AA18E41C2854EC7400A8B07D /* XLFormOptionsViewController.m in Sources */ = {isa = PBXBuildFile; fileRef = AA18E3EE2854EC7400A8B07D /* XLFormOptionsViewController.m */; };
		AA18E41D2854EC7400A8B07D /* XLFormOptionsObject.m in Sources */ = {isa = PBXBuildFile; fileRef = AA18E3F02854EC7400A8B07D /* XLFormOptionsObject.m */; };
		AA18E41E2854EC7400A8B07D /* XLFormValidator.m in Sources */ = {isa = PBXBuildFile; fileRef = AA18E3F12854EC7400A8B07D /* XLFormValidator.m */; };
		AA18E41F2854EC7400A8B07D /* XLFormLeftRightSelectorCell.m in Sources */ = {isa = PBXBuildFile; fileRef = AA18E3F32854EC7400A8B07D /* XLFormLeftRightSelectorCell.m */; };
		AA18E4202854EC7400A8B07D /* XLFormPickerCell.m in Sources */ = {isa = PBXBuildFile; fileRef = AA18E3F62854EC7400A8B07D /* XLFormPickerCell.m */; };
		AA18E4212854EC7400A8B07D /* XLForm.m in Sources */ = {isa = PBXBuildFile; fileRef = AA18E3FA2854EC7400A8B07D /* XLForm.m */; };
		AA18E4222854EC7400A8B07D /* XLFormDateCell.m in Sources */ = {isa = PBXBuildFile; fileRef = AA18E3FC2854EC7400A8B07D /* XLFormDateCell.m */; };
		AA18E4232854EC7400A8B07D /* NSArray+XLFormAdditions.m in Sources */ = {isa = PBXBuildFile; fileRef = AA18E3FD2854EC7400A8B07D /* NSArray+XLFormAdditions.m */; };
		AA18E4242854EC7400A8B07D /* UIView+XLFormAdditions.m in Sources */ = {isa = PBXBuildFile; fileRef = AA18E3FE2854EC7400A8B07D /* UIView+XLFormAdditions.m */; };
		AA18E4252854EC7400A8B07D /* XLFormSelectorCell.m in Sources */ = {isa = PBXBuildFile; fileRef = AA18E4002854EC7400A8B07D /* XLFormSelectorCell.m */; };
		AA18E4262854EC7400A8B07D /* XLFormTextFieldCell.m in Sources */ = {isa = PBXBuildFile; fileRef = AA18E4022854EC7400A8B07D /* XLFormTextFieldCell.m */; };
		AA18E4272854EC7400A8B07D /* XLFormDatePickerCell.m in Sources */ = {isa = PBXBuildFile; fileRef = AA18E4032854EC7400A8B07D /* XLFormDatePickerCell.m */; };
		AA18E42A2854ECC500A8B07D /* ScrcpyFormViewController.m in Sources */ = {isa = PBXBuildFile; fileRef = AA18E4292854ECC500A8B07D /* ScrcpyFormViewController.m */; };
		AA2F70DB2855CD550061552B /* ScrcpyTextField.m in Sources */ = {isa = PBXBuildFile; fileRef = AA2F70DA2855CD550061552B /* ScrcpyTextField.m */; };
		AA6F711C284E6DDD00A09442 /* scrcpy-server in Resources */ = {isa = PBXBuildFile; fileRef = AA6F711B284E6DDD00A09442 /* scrcpy-server */; };
		AAF222162848B03F00B732AE /* ViewController.m in Sources */ = {isa = PBXBuildFile; fileRef = AAF222152848B03F00B732AE /* ViewController.m */; };
		AAF222192848B03F00B732AE /* Main.storyboard in Resources */ = {isa = PBXBuildFile; fileRef = AAF222172848B03F00B732AE /* Main.storyboard */; };
		AAF2221B2848B04100B732AE /* Assets.xcassets in Resources */ = {isa = PBXBuildFile; fileRef = AAF2221A2848B04100B732AE /* Assets.xcassets */; };
		AAF2221E2848B04100B732AE /* LaunchScreen.storyboard in Resources */ = {isa = PBXBuildFile; fileRef = AAF2221C2848B04100B732AE /* LaunchScreen.storyboard */; };
		AAF222212848B04100B732AE /* main.m in Sources */ = {isa = PBXBuildFile; fileRef = AAF222202848B04100B732AE /* main.m */; };
		AAF222302848BDE300B732AE /* ScrcpyClient.m in Sources */ = {isa = PBXBuildFile; fileRef = AAF2222F2848BDE300B732AE /* ScrcpyClient.m */; };
		AAF2225C284B60CD00B732AE /* CVCreate.m in Sources */ = {isa = PBXBuildFile; fileRef = AAF2225A284B60CD00B732AE /* CVCreate.m */; };
/* End PBXBuildFile section */

/* Begin PBXFileReference section */
		AA18E3A7285264BB00A8B07D /* KFKeychain.h */ = {isa = PBXFileReference; fileEncoding = 4; lastKnownFileType = sourcecode.c.h; name = KFKeychain.h; path = "Keychain-iOS-ObjC/KFKeychain.h"; sourceTree = SOURCE_ROOT; };
		AA18E3A8285264BB00A8B07D /* KFKeychain.m */ = {isa = PBXFileReference; fileEncoding = 4; lastKnownFileType = sourcecode.c.objc; name = KFKeychain.m; path = "Keychain-iOS-ObjC/KFKeychain.m"; sourceTree = SOURCE_ROOT; };
		AA18E3AA2852664F00A8B07D /* MBProgressHUD.h */ = {isa = PBXFileReference; fileEncoding = 4; lastKnownFileType = sourcecode.c.h; name = MBProgressHUD.h; path = MBProgressHUD/MBProgressHUD.h; sourceTree = SOURCE_ROOT; };
		AA18E3AB2852664F00A8B07D /* MBProgressHUD.m */ = {isa = PBXFileReference; fileEncoding = 4; lastKnownFileType = sourcecode.c.objc; name = MBProgressHUD.m; path = MBProgressHUD/MBProgressHUD.m; sourceTree = SOURCE_ROOT; };
		AA18E3B02853AC7F00A8B07D /* SDL_uikitviewcontroller+Extend.h */ = {isa = PBXFileReference; lastKnownFileType = sourcecode.c.h; path = "SDL_uikitviewcontroller+Extend.h"; sourceTree = "<group>"; };
		AA18E3B12853AC7F00A8B07D /* SDL_uikitviewcontroller+Extend.m */ = {isa = PBXFileReference; lastKnownFileType = sourcecode.c.objc; path = "SDL_uikitviewcontroller+Extend.m"; sourceTree = "<group>"; };
		AA18E3B32854BCE300A8B07D /* SDLUIKitDelegate+Extend.h */ = {isa = PBXFileReference; lastKnownFileType = sourcecode.c.h; path = "SDLUIKitDelegate+Extend.h"; sourceTree = "<group>"; };
		AA18E3B42854BCE300A8B07D /* SDLUIKitDelegate+Extend.m */ = {isa = PBXFileReference; lastKnownFileType = sourcecode.c.objc; path = "SDLUIKitDelegate+Extend.m"; sourceTree = "<group>"; };
		AA18E3B72854EC7400A8B07D /* XLFormTextViewCell.m */ = {isa = PBXFileReference; fileEncoding = 4; lastKnownFileType = sourcecode.c.objc; path = XLFormTextViewCell.m; sourceTree = "<group>"; };
		AA18E3B82854EC7400A8B07D /* XLFormViewController.m */ = {isa = PBXFileReference; fileEncoding = 4; lastKnownFileType = sourcecode.c.objc; path = XLFormViewController.m; sourceTree = "<group>"; };
		AA18E3B92854EC7400A8B07D /* XLFormInlineSelectorCell.h */ = {isa = PBXFileReference; fileEncoding = 4; lastKnownFileType = sourcecode.c.h; path = XLFormInlineSelectorCell.h; sourceTree = "<group>"; };
		AA18E3BA2854EC7400A8B07D /* XLFormStepCounterCell.m */ = {isa = PBXFileReference; fileEncoding = 4; lastKnownFileType = sourcecode.c.objc; path = XLFormStepCounterCell.m; sourceTree = "<group>"; };
		AA18E3BB2854EC7400A8B07D /* NSObject+XLFormAdditions.m */ = {isa = PBXFileReference; fileEncoding = 4; lastKnownFileType = sourcecode.c.objc; path = "NSObject+XLFormAdditions.m"; sourceTree = "<group>"; };
		AA18E3BC2854EC7400A8B07D /* NSPredicate+XLFormAdditions.m */ = {isa = PBXFileReference; fileEncoding = 4; lastKnownFileType = sourcecode.c.objc; path = "NSPredicate+XLFormAdditions.m"; sourceTree = "<group>"; };
		AA18E3BD2854EC7400A8B07D /* XLFormSegmentedCell.m */ = {isa = PBXFileReference; fileEncoding = 4; lastKnownFileType = sourcecode.c.objc; path = XLFormSegmentedCell.m; sourceTree = "<group>"; };
		AA18E3BE2854EC7400A8B07D /* XLFormCheckCell.m */ = {isa = PBXFileReference; fileEncoding = 4; lastKnownFileType = sourcecode.c.objc; path = XLFormCheckCell.m; sourceTree = "<group>"; };
		AA18E3BF2854EC7400A8B07D /* NSExpression+XLFormAdditions.m */ = {isa = PBXFileReference; fileEncoding = 4; lastKnownFileType = sourcecode.c.objc; path = "NSExpression+XLFormAdditions.m"; sourceTree = "<group>"; };
		AA18E3C02854EC7400A8B07D /* XLFormButtonCell.m */ = {isa = PBXFileReference; fileEncoding = 4; lastKnownFileType = sourcecode.c.objc; path = XLFormButtonCell.m; sourceTree = "<group>"; };
		AA18E3C12854EC7400A8B07D /* XLFormDescriptor.h */ = {isa = PBXFileReference; fileEncoding = 4; lastKnownFileType = sourcecode.c.h; path = XLFormDescriptor.h; sourceTree = "<group>"; };
		AA18E3C22854EC7400A8B07D /* XLFormRightImageButton.m */ = {isa = PBXFileReference; fileEncoding = 4; lastKnownFileType = sourcecode.c.objc; path = XLFormRightImageButton.m; sourceTree = "<group>"; };
		AA18E3C32854EC7400A8B07D /* XLFormTextView.m */ = {isa = PBXFileReference; fileEncoding = 4; lastKnownFileType = sourcecode.c.objc; path = XLFormTextView.m; sourceTree = "<group>"; };
		AA18E3C42854EC7400A8B07D /* XLFormDescriptorCell.h */ = {isa = PBXFileReference; fileEncoding = 4; lastKnownFileType = sourcecode.c.h; path = XLFormDescriptorCell.h; sourceTree = "<group>"; };
		AA18E3C52854EC7400A8B07D /* XLFormRowDescriptor.h */ = {isa = PBXFileReference; fileEncoding = 4; lastKnownFileType = sourcecode.c.h; path = XLFormRowDescriptor.h; sourceTree = "<group>"; };
		AA18E3C62854EC7400A8B07D /* XLFormPickerCell.h */ = {isa = PBXFileReference; fileEncoding = 4; lastKnownFileType = sourcecode.c.h; path = XLFormPickerCell.h; sourceTree = "<group>"; };
		AA18E3C72854EC7400A8B07D /* XLFormDescriptorDelegate.h */ = {isa = PBXFileReference; fileEncoding = 4; lastKnownFileType = sourcecode.c.h; path = XLFormDescriptorDelegate.h; sourceTree = "<group>"; };
		AA18E3C82854EC7400A8B07D /* XLFormSectionDescriptor.m */ = {isa = PBXFileReference; fileEncoding = 4; lastKnownFileType = sourcecode.c.objc; path = XLFormSectionDescriptor.m; sourceTree = "<group>"; };
		AA18E3C92854EC7400A8B07D /* XLFormInlineRowDescriptorCell.h */ = {isa = PBXFileReference; fileEncoding = 4; lastKnownFileType = sourcecode.c.h; path = XLFormInlineRowDescriptorCell.h; sourceTree = "<group>"; };
		AA18E3CA2854EC7400A8B07D /* XLFormLeftRightSelectorCell.h */ = {isa = PBXFileReference; fileEncoding = 4; lastKnownFileType = sourcecode.c.h; path = XLFormLeftRightSelectorCell.h; sourceTree = "<group>"; };
		AA18E3CB2854EC7400A8B07D /* XLFormBaseCell.m */ = {isa = PBXFileReference; fileEncoding = 4; lastKnownFileType = sourcecode.c.objc; path = XLFormBaseCell.m; sourceTree = "<group>"; };
		AA18E3CC2854EC7400A8B07D /* XLFormRegexValidator.m */ = {isa = PBXFileReference; fileEncoding = 4; lastKnownFileType = sourcecode.c.objc; path = XLFormRegexValidator.m; sourceTree = "<group>"; };
		AA18E3CD2854EC7400A8B07D /* XLFormValidator.h */ = {isa = PBXFileReference; fileEncoding = 4; lastKnownFileType = sourcecode.c.h; path = XLFormValidator.h; sourceTree = "<group>"; };
		AA18E3CE2854EC7400A8B07D /* XLFormOptionsObject.h */ = {isa = PBXFileReference; fileEncoding = 4; lastKnownFileType = sourcecode.c.h; path = XLFormOptionsObject.h; sourceTree = "<group>"; };
		AA18E3CF2854EC7400A8B07D /* XLFormImageCell.h */ = {isa = PBXFileReference; fileEncoding = 4; lastKnownFileType = sourcecode.c.h; path = XLFormImageCell.h; sourceTree = "<group>"; };
		AA18E3D02854EC7400A8B07D /* XLFormOptionsViewController.h */ = {isa = PBXFileReference; fileEncoding = 4; lastKnownFileType = sourcecode.c.h; path = XLFormOptionsViewController.h; sourceTree = "<group>"; };
		AA18E3D12854EC7400A8B07D /* XLFormSwitchCell.m */ = {isa = PBXFileReference; fileEncoding = 4; lastKnownFileType = sourcecode.c.objc; path = XLFormSwitchCell.m; sourceTree = "<group>"; };
		AA18E3D22854EC7400A8B07D /* XLFormDatePickerCell.h */ = {isa = PBXFileReference; fileEncoding = 4; lastKnownFileType = sourcecode.c.h; path = XLFormDatePickerCell.h; sourceTree = "<group>"; };
		AA18E3D32854EC7400A8B07D /* XLFormTextFieldCell.h */ = {isa = PBXFileReference; fileEncoding = 4; lastKnownFileType = sourcecode.c.h; path = XLFormTextFieldCell.h; sourceTree = "<group>"; };
		AA18E3D42854EC7400A8B07D /* XLFormSelectorCell.h */ = {isa = PBXFileReference; fileEncoding = 4; lastKnownFileType = sourcecode.c.h; path = XLFormSelectorCell.h; sourceTree = "<group>"; };
		AA18E3D52854EC7400A8B07D /* XLFormRowNavigationAccessoryView.m */ = {isa = PBXFileReference; fileEncoding = 4; lastKnownFileType = sourcecode.c.objc; path = XLFormRowNavigationAccessoryView.m; sourceTree = "<group>"; };
		AA18E3D62854EC7400A8B07D /* UIView+XLFormAdditions.h */ = {isa = PBXFileReference; fileEncoding = 4; lastKnownFileType = sourcecode.c.h; path = "UIView+XLFormAdditions.h"; sourceTree = "<group>"; };
		AA18E3D72854EC7400A8B07D /* XLFormDateCell.h */ = {isa = PBXFileReference; fileEncoding = 4; lastKnownFileType = sourcecode.c.h; path = XLFormDateCell.h; sourceTree = "<group>"; };
		AA18E3D82854EC7400A8B07D /* NSArray+XLFormAdditions.h */ = {isa = PBXFileReference; fileEncoding = 4; lastKnownFileType = sourcecode.c.h; path = "NSArray+XLFormAdditions.h"; sourceTree = "<group>"; };
		AA18E3D92854EC7400A8B07D /* XLFormSliderCell.m */ = {isa = PBXFileReference; fileEncoding = 4; lastKnownFileType = sourcecode.c.objc; path = XLFormSliderCell.m; sourceTree = "<group>"; };
		AA18E3DA2854EC7400A8B07D /* XLFormValidationStatus.m */ = {isa = PBXFileReference; fileEncoding = 4; lastKnownFileType = sourcecode.c.objc; path = XLFormValidationStatus.m; sourceTree = "<group>"; };
		AA18E3DB2854EC7400A8B07D /* XLForm.h */ = {isa = PBXFileReference; fileEncoding = 4; lastKnownFileType = sourcecode.c.h; path = XLForm.h; sourceTree = "<group>"; };
		AA18E3DC2854EC7400A8B07D /* XLFormRightDetailCell.m */ = {isa = PBXFileReference; fileEncoding = 4; lastKnownFileType = sourcecode.c.objc; path = XLFormRightDetailCell.m; sourceTree = "<group>"; };
		AA18E3DD2854EC7400A8B07D /* NSString+XLFormAdditions.m */ = {isa = PBXFileReference; fileEncoding = 4; lastKnownFileType = sourcecode.c.objc; path = "NSString+XLFormAdditions.m"; sourceTree = "<group>"; };
		AA18E3DE2854EC7400A8B07D /* NSObject+XLFormAdditions.h */ = {isa = PBXFileReference; fileEncoding = 4; lastKnownFileType = sourcecode.c.h; path = "NSObject+XLFormAdditions.h"; sourceTree = "<group>"; };
		AA18E3DF2854EC7400A8B07D /* XLFormRowDescriptorViewController.h */ = {isa = PBXFileReference; fileEncoding = 4; lastKnownFileType = sourcecode.c.h; path = XLFormRowDescriptorViewController.h; sourceTree = "<group>"; };
		AA18E3E02854EC7400A8B07D /* XLFormStepCounterCell.h */ = {isa = PBXFileReference; fileEncoding = 4; lastKnownFileType = sourcecode.c.h; path = XLFormStepCounterCell.h; sourceTree = "<group>"; };
		AA18E3E12854EC7400A8B07D /* XLFormInlineSelectorCell.m */ = {isa = PBXFileReference; fileEncoding = 4; lastKnownFileType = sourcecode.c.objc; path = XLFormInlineSelectorCell.m; sourceTree = "<group>"; };
		AA18E3E22854EC7400A8B07D /* XLFormViewController.h */ = {isa = PBXFileReference; fileEncoding = 4; lastKnownFileType = sourcecode.c.h; path = XLFormViewController.h; sourceTree = "<group>"; };
		AA18E3E32854EC7400A8B07D /* XLFormTextViewCell.h */ = {isa = PBXFileReference; fileEncoding = 4; lastKnownFileType = sourcecode.c.h; path = XLFormTextViewCell.h; sourceTree = "<group>"; };
		AA18E3E42854EC7400A8B07D /* XLFormRowDescriptor.m */ = {isa = PBXFileReference; fileEncoding = 4; lastKnownFileType = sourcecode.c.objc; path = XLFormRowDescriptor.m; sourceTree = "<group>"; };
		AA18E3E52854EC7400A8B07D /* XLFormTextView.h */ = {isa = PBXFileReference; fileEncoding = 4; lastKnownFileType = sourcecode.c.h; path = XLFormTextView.h; sourceTree = "<group>"; };
		AA18E3E62854EC7400A8B07D /* XLFormRightImageButton.h */ = {isa = PBXFileReference; fileEncoding = 4; lastKnownFileType = sourcecode.c.h; path = XLFormRightImageButton.h; sourceTree = "<group>"; };
		AA18E3E72854EC7400A8B07D /* XLFormButtonCell.h */ = {isa = PBXFileReference; fileEncoding = 4; lastKnownFileType = sourcecode.c.h; path = XLFormButtonCell.h; sourceTree = "<group>"; };
		AA18E3E82854EC7400A8B07D /* XLFormDescriptor.m */ = {isa = PBXFileReference; fileEncoding = 4; lastKnownFileType = sourcecode.c.objc; path = XLFormDescriptor.m; sourceTree = "<group>"; };
		AA18E3E92854EC7400A8B07D /* NSExpression+XLFormAdditions.h */ = {isa = PBXFileReference; fileEncoding = 4; lastKnownFileType = sourcecode.c.h; path = "NSExpression+XLFormAdditions.h"; sourceTree = "<group>"; };
		AA18E3EA2854EC7400A8B07D /* XLFormCheckCell.h */ = {isa = PBXFileReference; fileEncoding = 4; lastKnownFileType = sourcecode.c.h; path = XLFormCheckCell.h; sourceTree = "<group>"; };
		AA18E3EB2854EC7400A8B07D /* XLFormSegmentedCell.h */ = {isa = PBXFileReference; fileEncoding = 4; lastKnownFileType = sourcecode.c.h; path = XLFormSegmentedCell.h; sourceTree = "<group>"; };
		AA18E3EC2854EC7400A8B07D /* NSPredicate+XLFormAdditions.h */ = {isa = PBXFileReference; fileEncoding = 4; lastKnownFileType = sourcecode.c.h; path = "NSPredicate+XLFormAdditions.h"; sourceTree = "<group>"; };
		AA18E3ED2854EC7400A8B07D /* XLFormImageCell.m */ = {isa = PBXFileReference; fileEncoding = 4; lastKnownFileType = sourcecode.c.objc; path = XLFormImageCell.m; sourceTree = "<group>"; };
		AA18E3EE2854EC7400A8B07D /* XLFormOptionsViewController.m */ = {isa = PBXFileReference; fileEncoding = 4; lastKnownFileType = sourcecode.c.objc; path = XLFormOptionsViewController.m; sourceTree = "<group>"; };
		AA18E3EF2854EC7400A8B07D /* XLFormSwitchCell.h */ = {isa = PBXFileReference; fileEncoding = 4; lastKnownFileType = sourcecode.c.h; path = XLFormSwitchCell.h; sourceTree = "<group>"; };
		AA18E3F02854EC7400A8B07D /* XLFormOptionsObject.m */ = {isa = PBXFileReference; fileEncoding = 4; lastKnownFileType = sourcecode.c.objc; path = XLFormOptionsObject.m; sourceTree = "<group>"; };
		AA18E3F12854EC7400A8B07D /* XLFormValidator.m */ = {isa = PBXFileReference; fileEncoding = 4; lastKnownFileType = sourcecode.c.objc; path = XLFormValidator.m; sourceTree = "<group>"; };
		AA18E3F22854EC7400A8B07D /* XLFormRegexValidator.h */ = {isa = PBXFileReference; fileEncoding = 4; lastKnownFileType = sourcecode.c.h; path = XLFormRegexValidator.h; sourceTree = "<group>"; };
		AA18E3F32854EC7400A8B07D /* XLFormLeftRightSelectorCell.m */ = {isa = PBXFileReference; fileEncoding = 4; lastKnownFileType = sourcecode.c.objc; path = XLFormLeftRightSelectorCell.m; sourceTree = "<group>"; };
		AA18E3F42854EC7400A8B07D /* XLFormBaseCell.h */ = {isa = PBXFileReference; fileEncoding = 4; lastKnownFileType = sourcecode.c.h; path = XLFormBaseCell.h; sourceTree = "<group>"; };
		AA18E3F52854EC7400A8B07D /* XLFormSectionDescriptor.h */ = {isa = PBXFileReference; fileEncoding = 4; lastKnownFileType = sourcecode.c.h; path = XLFormSectionDescriptor.h; sourceTree = "<group>"; };
		AA18E3F62854EC7400A8B07D /* XLFormPickerCell.m */ = {isa = PBXFileReference; fileEncoding = 4; lastKnownFileType = sourcecode.c.objc; path = XLFormPickerCell.m; sourceTree = "<group>"; };
		AA18E3F72854EC7400A8B07D /* XLFormRightDetailCell.h */ = {isa = PBXFileReference; fileEncoding = 4; lastKnownFileType = sourcecode.c.h; path = XLFormRightDetailCell.h; sourceTree = "<group>"; };
		AA18E3F82854EC7400A8B07D /* NSString+XLFormAdditions.h */ = {isa = PBXFileReference; fileEncoding = 4; lastKnownFileType = sourcecode.c.h; path = "NSString+XLFormAdditions.h"; sourceTree = "<group>"; };
		AA18E3F92854EC7400A8B07D /* XLFormValidationStatus.h */ = {isa = PBXFileReference; fileEncoding = 4; lastKnownFileType = sourcecode.c.h; path = XLFormValidationStatus.h; sourceTree = "<group>"; };
		AA18E3FA2854EC7400A8B07D /* XLForm.m */ = {isa = PBXFileReference; fileEncoding = 4; lastKnownFileType = sourcecode.c.objc; path = XLForm.m; sourceTree = "<group>"; };
		AA18E3FB2854EC7400A8B07D /* XLFormSliderCell.h */ = {isa = PBXFileReference; fileEncoding = 4; lastKnownFileType = sourcecode.c.h; path = XLFormSliderCell.h; sourceTree = "<group>"; };
		AA18E3FC2854EC7400A8B07D /* XLFormDateCell.m */ = {isa = PBXFileReference; fileEncoding = 4; lastKnownFileType = sourcecode.c.objc; path = XLFormDateCell.m; sourceTree = "<group>"; };
		AA18E3FD2854EC7400A8B07D /* NSArray+XLFormAdditions.m */ = {isa = PBXFileReference; fileEncoding = 4; lastKnownFileType = sourcecode.c.objc; path = "NSArray+XLFormAdditions.m"; sourceTree = "<group>"; };
		AA18E3FE2854EC7400A8B07D /* UIView+XLFormAdditions.m */ = {isa = PBXFileReference; fileEncoding = 4; lastKnownFileType = sourcecode.c.objc; path = "UIView+XLFormAdditions.m"; sourceTree = "<group>"; };
		AA18E3FF2854EC7400A8B07D /* XLFormRowNavigationAccessoryView.h */ = {isa = PBXFileReference; fileEncoding = 4; lastKnownFileType = sourcecode.c.h; path = XLFormRowNavigationAccessoryView.h; sourceTree = "<group>"; };
		AA18E4002854EC7400A8B07D /* XLFormSelectorCell.m */ = {isa = PBXFileReference; fileEncoding = 4; lastKnownFileType = sourcecode.c.objc; path = XLFormSelectorCell.m; sourceTree = "<group>"; };
		AA18E4012854EC7400A8B07D /* XLFormValidatorProtocol.h */ = {isa = PBXFileReference; fileEncoding = 4; lastKnownFileType = sourcecode.c.h; path = XLFormValidatorProtocol.h; sourceTree = "<group>"; };
		AA18E4022854EC7400A8B07D /* XLFormTextFieldCell.m */ = {isa = PBXFileReference; fileEncoding = 4; lastKnownFileType = sourcecode.c.objc; path = XLFormTextFieldCell.m; sourceTree = "<group>"; };
		AA18E4032854EC7400A8B07D /* XLFormDatePickerCell.m */ = {isa = PBXFileReference; fileEncoding = 4; lastKnownFileType = sourcecode.c.objc; path = XLFormDatePickerCell.m; sourceTree = "<group>"; };
		AA18E4282854ECC500A8B07D /* ScrcpyFormViewController.h */ = {isa = PBXFileReference; lastKnownFileType = sourcecode.c.h; path = ScrcpyFormViewController.h; sourceTree = "<group>"; };
		AA18E4292854ECC500A8B07D /* ScrcpyFormViewController.m */ = {isa = PBXFileReference; lastKnownFileType = sourcecode.c.objc; path = ScrcpyFormViewController.m; sourceTree = "<group>"; };
		AA2F70D92855CD550061552B /* ScrcpyTextField.h */ = {isa = PBXFileReference; lastKnownFileType = sourcecode.c.h; path = ScrcpyTextField.h; sourceTree = "<group>"; };
		AA2F70DA2855CD550061552B /* ScrcpyTextField.m */ = {isa = PBXFileReference; lastKnownFileType = sourcecode.c.objc; path = ScrcpyTextField.m; sourceTree = "<group>"; };
		AA6F711B284E6DDD00A09442 /* scrcpy-server */ = {isa = PBXFileReference; lastKnownFileType = file; name = "scrcpy-server"; path = "../../porting/server/scrcpy-server"; sourceTree = "<group>"; };
		AAF2220B2848B03F00B732AE /* scrcpy-ios.app */ = {isa = PBXFileReference; explicitFileType = wrapper.application; includeInIndex = 0; path = "scrcpy-ios.app"; sourceTree = BUILT_PRODUCTS_DIR; };
		AAF222142848B03F00B732AE /* ViewController.h */ = {isa = PBXFileReference; lastKnownFileType = sourcecode.c.h; path = ViewController.h; sourceTree = "<group>"; };
		AAF222152848B03F00B732AE /* ViewController.m */ = {isa = PBXFileReference; lastKnownFileType = sourcecode.c.objc; path = ViewController.m; sourceTree = "<group>"; };
		AAF222182848B03F00B732AE /* Base */ = {isa = PBXFileReference; lastKnownFileType = file.storyboard; name = Base; path = Base.lproj/Main.storyboard; sourceTree = "<group>"; };
		AAF2221A2848B04100B732AE /* Assets.xcassets */ = {isa = PBXFileReference; lastKnownFileType = folder.assetcatalog; path = Assets.xcassets; sourceTree = "<group>"; };
		AAF2221D2848B04100B732AE /* Base */ = {isa = PBXFileReference; lastKnownFileType = file.storyboard; name = Base; path = Base.lproj/LaunchScreen.storyboard; sourceTree = "<group>"; };
		AAF2221F2848B04100B732AE /* Info.plist */ = {isa = PBXFileReference; lastKnownFileType = text.plist.xml; path = Info.plist; sourceTree = "<group>"; };
		AAF222202848B04100B732AE /* main.m */ = {isa = PBXFileReference; lastKnownFileType = sourcecode.c.objc; path = main.m; sourceTree = "<group>"; };
		AAF2222E2848BDE300B732AE /* ScrcpyClient.h */ = {isa = PBXFileReference; lastKnownFileType = sourcecode.c.h; path = ScrcpyClient.h; sourceTree = "<group>"; };
		AAF2222F2848BDE300B732AE /* ScrcpyClient.m */ = {isa = PBXFileReference; lastKnownFileType = sourcecode.c.objc; path = ScrcpyClient.m; sourceTree = "<group>"; };
		AAF2225A284B60CD00B732AE /* CVCreate.m */ = {isa = PBXFileReference; fileEncoding = 4; lastKnownFileType = sourcecode.c.objc; name = CVCreate.m; path = "chainable-view/CVCreate.m"; sourceTree = SOURCE_ROOT; };
		AAF2225B284B60CD00B732AE /* CVCreate.h */ = {isa = PBXFileReference; fileEncoding = 4; lastKnownFileType = sourcecode.c.h; name = CVCreate.h; path = "chainable-view/CVCreate.h"; sourceTree = SOURCE_ROOT; };
/* End PBXFileReference section */

/* Begin PBXFrameworksBuildPhase section */
		AAF222082848B03F00B732AE /* Frameworks */ = {
			isa = PBXFrameworksBuildPhase;
			buildActionMask = 2147483647;
			files = (
			);
			runOnlyForDeploymentPostprocessing = 0;
		};
/* End PBXFrameworksBuildPhase section */

/* Begin PBXGroup section */
		AA18E3B62854EC7400A8B07D /* XL */ = {
			isa = PBXGroup;
			children = (
				AA18E3B72854EC7400A8B07D /* XLFormTextViewCell.m */,
				AA18E3B82854EC7400A8B07D /* XLFormViewController.m */,
				AA18E3B92854EC7400A8B07D /* XLFormInlineSelectorCell.h */,
				AA18E3BA2854EC7400A8B07D /* XLFormStepCounterCell.m */,
				AA18E3BB2854EC7400A8B07D /* NSObject+XLFormAdditions.m */,
				AA18E3BC2854EC7400A8B07D /* NSPredicate+XLFormAdditions.m */,
				AA18E3BD2854EC7400A8B07D /* XLFormSegmentedCell.m */,
				AA18E3BE2854EC7400A8B07D /* XLFormCheckCell.m */,
				AA18E3BF2854EC7400A8B07D /* NSExpression+XLFormAdditions.m */,
				AA18E3C02854EC7400A8B07D /* XLFormButtonCell.m */,
				AA18E3C12854EC7400A8B07D /* XLFormDescriptor.h */,
				AA18E3C22854EC7400A8B07D /* XLFormRightImageButton.m */,
				AA18E3C32854EC7400A8B07D /* XLFormTextView.m */,
				AA18E3C42854EC7400A8B07D /* XLFormDescriptorCell.h */,
				AA18E3C52854EC7400A8B07D /* XLFormRowDescriptor.h */,
				AA18E3C62854EC7400A8B07D /* XLFormPickerCell.h */,
				AA18E3C72854EC7400A8B07D /* XLFormDescriptorDelegate.h */,
				AA18E3C82854EC7400A8B07D /* XLFormSectionDescriptor.m */,
				AA18E3C92854EC7400A8B07D /* XLFormInlineRowDescriptorCell.h */,
				AA18E3CA2854EC7400A8B07D /* XLFormLeftRightSelectorCell.h */,
				AA18E3CB2854EC7400A8B07D /* XLFormBaseCell.m */,
				AA18E3CC2854EC7400A8B07D /* XLFormRegexValidator.m */,
				AA18E3CD2854EC7400A8B07D /* XLFormValidator.h */,
				AA18E3CE2854EC7400A8B07D /* XLFormOptionsObject.h */,
				AA18E3CF2854EC7400A8B07D /* XLFormImageCell.h */,
				AA18E3D02854EC7400A8B07D /* XLFormOptionsViewController.h */,
				AA18E3D12854EC7400A8B07D /* XLFormSwitchCell.m */,
				AA18E3D22854EC7400A8B07D /* XLFormDatePickerCell.h */,
				AA18E3D32854EC7400A8B07D /* XLFormTextFieldCell.h */,
				AA18E3D42854EC7400A8B07D /* XLFormSelectorCell.h */,
				AA18E3D52854EC7400A8B07D /* XLFormRowNavigationAccessoryView.m */,
				AA18E3D62854EC7400A8B07D /* UIView+XLFormAdditions.h */,
				AA18E3D72854EC7400A8B07D /* XLFormDateCell.h */,
				AA18E3D82854EC7400A8B07D /* NSArray+XLFormAdditions.h */,
				AA18E3D92854EC7400A8B07D /* XLFormSliderCell.m */,
				AA18E3DA2854EC7400A8B07D /* XLFormValidationStatus.m */,
				AA18E3DB2854EC7400A8B07D /* XLForm.h */,
				AA18E3DC2854EC7400A8B07D /* XLFormRightDetailCell.m */,
				AA18E3DD2854EC7400A8B07D /* NSString+XLFormAdditions.m */,
				AA18E3DE2854EC7400A8B07D /* NSObject+XLFormAdditions.h */,
				AA18E3DF2854EC7400A8B07D /* XLFormRowDescriptorViewController.h */,
				AA18E3E02854EC7400A8B07D /* XLFormStepCounterCell.h */,
				AA18E3E12854EC7400A8B07D /* XLFormInlineSelectorCell.m */,
				AA18E3E22854EC7400A8B07D /* XLFormViewController.h */,
				AA18E3E32854EC7400A8B07D /* XLFormTextViewCell.h */,
				AA18E3E42854EC7400A8B07D /* XLFormRowDescriptor.m */,
				AA18E3E52854EC7400A8B07D /* XLFormTextView.h */,
				AA18E3E62854EC7400A8B07D /* XLFormRightImageButton.h */,
				AA18E3E72854EC7400A8B07D /* XLFormButtonCell.h */,
				AA18E3E82854EC7400A8B07D /* XLFormDescriptor.m */,
				AA18E3E92854EC7400A8B07D /* NSExpression+XLFormAdditions.h */,
				AA18E3EA2854EC7400A8B07D /* XLFormCheckCell.h */,
				AA18E3EB2854EC7400A8B07D /* XLFormSegmentedCell.h */,
				AA18E3EC2854EC7400A8B07D /* NSPredicate+XLFormAdditions.h */,
				AA18E3ED2854EC7400A8B07D /* XLFormImageCell.m */,
				AA18E3EE2854EC7400A8B07D /* XLFormOptionsViewController.m */,
				AA18E3EF2854EC7400A8B07D /* XLFormSwitchCell.h */,
				AA18E3F02854EC7400A8B07D /* XLFormOptionsObject.m */,
				AA18E3F12854EC7400A8B07D /* XLFormValidator.m */,
				AA18E3F22854EC7400A8B07D /* XLFormRegexValidator.h */,
				AA18E3F32854EC7400A8B07D /* XLFormLeftRightSelectorCell.m */,
				AA18E3F42854EC7400A8B07D /* XLFormBaseCell.h */,
				AA18E3F52854EC7400A8B07D /* XLFormSectionDescriptor.h */,
				AA18E3F62854EC7400A8B07D /* XLFormPickerCell.m */,
				AA18E3F72854EC7400A8B07D /* XLFormRightDetailCell.h */,
				AA18E3F82854EC7400A8B07D /* NSString+XLFormAdditions.h */,
				AA18E3F92854EC7400A8B07D /* XLFormValidationStatus.h */,
				AA18E3FA2854EC7400A8B07D /* XLForm.m */,
				AA18E3FB2854EC7400A8B07D /* XLFormSliderCell.h */,
				AA18E3FC2854EC7400A8B07D /* XLFormDateCell.m */,
				AA18E3FD2854EC7400A8B07D /* NSArray+XLFormAdditions.m */,
				AA18E3FE2854EC7400A8B07D /* UIView+XLFormAdditions.m */,
				AA18E3FF2854EC7400A8B07D /* XLFormRowNavigationAccessoryView.h */,
				AA18E4002854EC7400A8B07D /* XLFormSelectorCell.m */,
				AA18E4012854EC7400A8B07D /* XLFormValidatorProtocol.h */,
				AA18E4022854EC7400A8B07D /* XLFormTextFieldCell.m */,
				AA18E4032854EC7400A8B07D /* XLFormDatePickerCell.m */,
			);
			name = XL;
			path = XLForm/XLForm/XL;
			sourceTree = SOURCE_ROOT;
		};
		AAF222022848B03F00B732AE = {
			isa = PBXGroup;
			children = (
				AAF2220D2848B03F00B732AE /* scrcpy-ios */,
				AAF2220C2848B03F00B732AE /* Products */,
			);
			sourceTree = "<group>";
		};
		AAF2220C2848B03F00B732AE /* Products */ = {
			isa = PBXGroup;
			children = (
				AAF2220B2848B03F00B732AE /* scrcpy-ios.app */,
			);
			name = Products;
			sourceTree = "<group>";
		};
		AAF2220D2848B03F00B732AE /* scrcpy-ios */ = {
			isa = PBXGroup;
			children = (
				AA18E3B62854EC7400A8B07D /* XL */,
				AA18E3AA2852664F00A8B07D /* MBProgressHUD.h */,
				AA18E3AB2852664F00A8B07D /* MBProgressHUD.m */,
				AA18E3A7285264BB00A8B07D /* KFKeychain.h */,
				AA18E3A8285264BB00A8B07D /* KFKeychain.m */,
				AAF2225B284B60CD00B732AE /* CVCreate.h */,
				AAF2225A284B60CD00B732AE /* CVCreate.m */,
				AAF222142848B03F00B732AE /* ViewController.h */,
				AAF222152848B03F00B732AE /* ViewController.m */,
				AA2F70D92855CD550061552B /* ScrcpyTextField.h */,
				AA2F70DA2855CD550061552B /* ScrcpyTextField.m */,
				AA18E4282854ECC500A8B07D /* ScrcpyFormViewController.h */,
				AA18E4292854ECC500A8B07D /* ScrcpyFormViewController.m */,
				AAF2222E2848BDE300B732AE /* ScrcpyClient.h */,
				AAF2222F2848BDE300B732AE /* ScrcpyClient.m */,
				AA18E3B02853AC7F00A8B07D /* SDL_uikitviewcontroller+Extend.h */,
				AA18E3B12853AC7F00A8B07D /* SDL_uikitviewcontroller+Extend.m */,
				AA18E3B32854BCE300A8B07D /* SDLUIKitDelegate+Extend.h */,
				AA18E3B42854BCE300A8B07D /* SDLUIKitDelegate+Extend.m */,
				AAF222172848B03F00B732AE /* Main.storyboard */,
				AAF2221A2848B04100B732AE /* Assets.xcassets */,
				AAF2221C2848B04100B732AE /* LaunchScreen.storyboard */,
				AAF2221F2848B04100B732AE /* Info.plist */,
				AA6F711B284E6DDD00A09442 /* scrcpy-server */,
				AAF222202848B04100B732AE /* main.m */,
			);
			path = "scrcpy-ios";
			sourceTree = "<group>";
		};
/* End PBXGroup section */

/* Begin PBXNativeTarget section */
		AAF2220A2848B03F00B732AE /* scrcpy-ios */ = {
			isa = PBXNativeTarget;
			buildConfigurationList = AAF222242848B04100B732AE /* Build configuration list for PBXNativeTarget "scrcpy-ios" */;
			buildPhases = (
				AAF222072848B03F00B732AE /* Sources */,
				AAF222082848B03F00B732AE /* Frameworks */,
				AAF222092848B03F00B732AE /* Resources */,
			);
			buildRules = (
			);
			dependencies = (
			);
			name = "scrcpy-ios";
			productName = "scrcpy-ios";
			productReference = AAF2220B2848B03F00B732AE /* scrcpy-ios.app */;
			productType = "com.apple.product-type.application";
		};
/* End PBXNativeTarget section */

/* Begin PBXProject section */
		AAF222032848B03F00B732AE /* Project object */ = {
			isa = PBXProject;
			attributes = {
				BuildIndependentTargetsInParallel = 1;
				LastUpgradeCheck = 1330;
				TargetAttributes = {
					AAF2220A2848B03F00B732AE = {
						CreatedOnToolsVersion = 13.3.1;
					};
				};
			};
			buildConfigurationList = AAF222062848B03F00B732AE /* Build configuration list for PBXProject "scrcpy-ios" */;
			compatibilityVersion = "Xcode 13.0";
			developmentRegion = en;
			hasScannedForEncodings = 0;
			knownRegions = (
				en,
				Base,
			);
			mainGroup = AAF222022848B03F00B732AE;
			productRefGroup = AAF2220C2848B03F00B732AE /* Products */;
			projectDirPath = "";
			projectRoot = "";
			targets = (
				AAF2220A2848B03F00B732AE /* scrcpy-ios */,
			);
		};
/* End PBXProject section */

/* Begin PBXResourcesBuildPhase section */
		AAF222092848B03F00B732AE /* Resources */ = {
			isa = PBXResourcesBuildPhase;
			buildActionMask = 2147483647;
			files = (
				AAF2221E2848B04100B732AE /* LaunchScreen.storyboard in Resources */,
				AA6F711C284E6DDD00A09442 /* scrcpy-server in Resources */,
				AAF2221B2848B04100B732AE /* Assets.xcassets in Resources */,
				AAF222192848B03F00B732AE /* Main.storyboard in Resources */,
			);
			runOnlyForDeploymentPostprocessing = 0;
		};
/* End PBXResourcesBuildPhase section */

/* Begin PBXSourcesBuildPhase section */
		AAF222072848B03F00B732AE /* Sources */ = {
			isa = PBXSourcesBuildPhase;
			buildActionMask = 2147483647;
			files = (
				AA18E40A2854EC7400A8B07D /* XLFormCheckCell.m in Sources */,
				AA18E41A2854EC7400A8B07D /* XLFormDescriptor.m in Sources */,
				AA18E4082854EC7400A8B07D /* NSPredicate+XLFormAdditions.m in Sources */,
				AA18E41D2854EC7400A8B07D /* XLFormOptionsObject.m in Sources */,
				AA18E40E2854EC7400A8B07D /* XLFormTextView.m in Sources */,
				AA18E4182854EC7400A8B07D /* XLFormInlineSelectorCell.m in Sources */,
				AAF222162848B03F00B732AE /* ViewController.m in Sources */,
				AA18E4132854EC7400A8B07D /* XLFormRowNavigationAccessoryView.m in Sources */,
				AA18E4252854EC7400A8B07D /* XLFormSelectorCell.m in Sources */,
				AA18E41B2854EC7400A8B07D /* XLFormImageCell.m in Sources */,
				AA18E3AC2852664F00A8B07D /* MBProgressHUD.m in Sources */,
				AAF222302848BDE300B732AE /* ScrcpyClient.m in Sources */,
				AA18E4102854EC7400A8B07D /* XLFormBaseCell.m in Sources */,
				AA2F70DB2855CD550061552B /* ScrcpyTextField.m in Sources */,
				AA18E4072854EC7400A8B07D /* NSObject+XLFormAdditions.m in Sources */,
				AA18E3B52854BCE300A8B07D /* SDLUIKitDelegate+Extend.m in Sources */,
				AA18E4152854EC7400A8B07D /* XLFormValidationStatus.m in Sources */,
				AA18E4052854EC7400A8B07D /* XLFormViewController.m in Sources */,
				AA18E40C2854EC7400A8B07D /* XLFormButtonCell.m in Sources */,
				AAF2225C284B60CD00B732AE /* CVCreate.m in Sources */,
				AA18E4202854EC7400A8B07D /* XLFormPickerCell.m in Sources */,
				AA18E41F2854EC7400A8B07D /* XLFormLeftRightSelectorCell.m in Sources */,
				AA18E4112854EC7400A8B07D /* XLFormRegexValidator.m in Sources */,
				AA18E3A9285264BB00A8B07D /* KFKeychain.m in Sources */,
				AA18E4122854EC7400A8B07D /* XLFormSwitchCell.m in Sources */,
				AA18E40F2854EC7400A8B07D /* XLFormSectionDescriptor.m in Sources */,
				AA18E4192854EC7400A8B07D /* XLFormRowDescriptor.m in Sources */,
				AA18E4062854EC7400A8B07D /* XLFormStepCounterCell.m in Sources */,
				AA18E40D2854EC7400A8B07D /* XLFormRightImageButton.m in Sources */,
				AA18E4262854EC7400A8B07D /* XLFormTextFieldCell.m in Sources */,
				AA18E4272854EC7400A8B07D /* XLFormDatePickerCell.m in Sources */,
				AA18E4222854EC7400A8B07D /* XLFormDateCell.m in Sources */,
				AA18E4242854EC7400A8B07D /* UIView+XLFormAdditions.m in Sources */,
				AA18E4212854EC7400A8B07D /* XLForm.m in Sources */,
				AA18E3B22853AC7F00A8B07D /* SDL_uikitviewcontroller+Extend.m in Sources */,
				AA18E4232854EC7400A8B07D /* NSArray+XLFormAdditions.m in Sources */,
				AA18E42A2854ECC500A8B07D /* ScrcpyFormViewController.m in Sources */,
				AA18E41E2854EC7400A8B07D /* XLFormValidator.m in Sources */,
				AA18E40B2854EC7400A8B07D /* NSExpression+XLFormAdditions.m in Sources */,
				AA18E41C2854EC7400A8B07D /* XLFormOptionsViewController.m in Sources */,
				AA18E4142854EC7400A8B07D /* XLFormSliderCell.m in Sources */,
				AAF222212848B04100B732AE /* main.m in Sources */,
				AA18E4092854EC7400A8B07D /* XLFormSegmentedCell.m in Sources */,
				AA18E4162854EC7400A8B07D /* XLFormRightDetailCell.m in Sources */,
				AA18E4042854EC7400A8B07D /* XLFormTextViewCell.m in Sources */,
				AA18E4172854EC7400A8B07D /* NSString+XLFormAdditions.m in Sources */,
			);
			runOnlyForDeploymentPostprocessing = 0;
		};
/* End PBXSourcesBuildPhase section */

/* Begin PBXVariantGroup section */
		AAF222172848B03F00B732AE /* Main.storyboard */ = {
			isa = PBXVariantGroup;
			children = (
				AAF222182848B03F00B732AE /* Base */,
			);
			name = Main.storyboard;
			sourceTree = "<group>";
		};
		AAF2221C2848B04100B732AE /* LaunchScreen.storyboard */ = {
			isa = PBXVariantGroup;
			children = (
				AAF2221D2848B04100B732AE /* Base */,
			);
			name = LaunchScreen.storyboard;
			sourceTree = "<group>";
		};
/* End PBXVariantGroup section */

/* Begin XCBuildConfiguration section */
		AAF222222848B04100B732AE /* Debug */ = {
			isa = XCBuildConfiguration;
			buildSettings = {
				ALWAYS_SEARCH_USER_PATHS = NO;
				CLANG_ANALYZER_NONNULL = YES;
				CLANG_ANALYZER_NUMBER_OBJECT_CONVERSION = YES_AGGRESSIVE;
				CLANG_CXX_LANGUAGE_STANDARD = "gnu++17";
				CLANG_ENABLE_MODULES = YES;
				CLANG_ENABLE_OBJC_ARC = YES;
				CLANG_ENABLE_OBJC_WEAK = YES;
				CLANG_WARN_BLOCK_CAPTURE_AUTORELEASING = YES;
				CLANG_WARN_BOOL_CONVERSION = YES;
				CLANG_WARN_COMMA = YES;
				CLANG_WARN_CONSTANT_CONVERSION = YES;
				CLANG_WARN_DEPRECATED_OBJC_IMPLEMENTATIONS = YES;
				CLANG_WARN_DIRECT_OBJC_ISA_USAGE = YES_ERROR;
				CLANG_WARN_DOCUMENTATION_COMMENTS = YES;
				CLANG_WARN_EMPTY_BODY = YES;
				CLANG_WARN_ENUM_CONVERSION = YES;
				CLANG_WARN_INFINITE_RECURSION = YES;
				CLANG_WARN_INT_CONVERSION = YES;
				CLANG_WARN_NON_LITERAL_NULL_CONVERSION = YES;
				CLANG_WARN_OBJC_IMPLICIT_RETAIN_SELF = YES;
				CLANG_WARN_OBJC_LITERAL_CONVERSION = YES;
				CLANG_WARN_OBJC_ROOT_CLASS = YES_ERROR;
				CLANG_WARN_QUOTED_INCLUDE_IN_FRAMEWORK_HEADER = YES;
				CLANG_WARN_RANGE_LOOP_ANALYSIS = YES;
				CLANG_WARN_STRICT_PROTOTYPES = YES;
				CLANG_WARN_SUSPICIOUS_MOVE = YES;
				CLANG_WARN_UNGUARDED_AVAILABILITY = YES_AGGRESSIVE;
				CLANG_WARN_UNREACHABLE_CODE = YES;
				CLANG_WARN__DUPLICATE_METHOD_MATCH = YES;
				COPY_PHASE_STRIP = NO;
				DEBUG_INFORMATION_FORMAT = dwarf;
				ENABLE_STRICT_OBJC_MSGSEND = YES;
				ENABLE_TESTABILITY = YES;
				GCC_C_LANGUAGE_STANDARD = gnu11;
				GCC_DYNAMIC_NO_PIC = NO;
				GCC_NO_COMMON_BLOCKS = YES;
				GCC_OPTIMIZATION_LEVEL = 0;
				GCC_PREPROCESSOR_DEFINITIONS = (
					"DEBUG=1",
					"$(inherited)",
				);
				GCC_WARN_64_TO_32_BIT_CONVERSION = YES;
				GCC_WARN_ABOUT_RETURN_TYPE = YES_ERROR;
				GCC_WARN_UNDECLARED_SELECTOR = YES;
				GCC_WARN_UNINITIALIZED_AUTOS = YES_AGGRESSIVE;
				GCC_WARN_UNUSED_FUNCTION = YES;
				GCC_WARN_UNUSED_VARIABLE = YES;
				IPHONEOS_DEPLOYMENT_TARGET = 15.4;
				MTL_ENABLE_DEBUG_INFO = INCLUDE_SOURCE;
				MTL_FAST_MATH = YES;
				ONLY_ACTIVE_ARCH = YES;
				SDKROOT = iphoneos;
			};
			name = Debug;
		};
		AAF222232848B04100B732AE /* Release */ = {
			isa = XCBuildConfiguration;
			buildSettings = {
				ALWAYS_SEARCH_USER_PATHS = NO;
				CLANG_ANALYZER_NONNULL = YES;
				CLANG_ANALYZER_NUMBER_OBJECT_CONVERSION = YES_AGGRESSIVE;
				CLANG_CXX_LANGUAGE_STANDARD = "gnu++17";
				CLANG_ENABLE_MODULES = YES;
				CLANG_ENABLE_OBJC_ARC = YES;
				CLANG_ENABLE_OBJC_WEAK = YES;
				CLANG_WARN_BLOCK_CAPTURE_AUTORELEASING = YES;
				CLANG_WARN_BOOL_CONVERSION = YES;
				CLANG_WARN_COMMA = YES;
				CLANG_WARN_CONSTANT_CONVERSION = YES;
				CLANG_WARN_DEPRECATED_OBJC_IMPLEMENTATIONS = YES;
				CLANG_WARN_DIRECT_OBJC_ISA_USAGE = YES_ERROR;
				CLANG_WARN_DOCUMENTATION_COMMENTS = YES;
				CLANG_WARN_EMPTY_BODY = YES;
				CLANG_WARN_ENUM_CONVERSION = YES;
				CLANG_WARN_INFINITE_RECURSION = YES;
				CLANG_WARN_INT_CONVERSION = YES;
				CLANG_WARN_NON_LITERAL_NULL_CONVERSION = YES;
				CLANG_WARN_OBJC_IMPLICIT_RETAIN_SELF = YES;
				CLANG_WARN_OBJC_LITERAL_CONVERSION = YES;
				CLANG_WARN_OBJC_ROOT_CLASS = YES_ERROR;
				CLANG_WARN_QUOTED_INCLUDE_IN_FRAMEWORK_HEADER = YES;
				CLANG_WARN_RANGE_LOOP_ANALYSIS = YES;
				CLANG_WARN_STRICT_PROTOTYPES = YES;
				CLANG_WARN_SUSPICIOUS_MOVE = YES;
				CLANG_WARN_UNGUARDED_AVAILABILITY = YES_AGGRESSIVE;
				CLANG_WARN_UNREACHABLE_CODE = YES;
				CLANG_WARN__DUPLICATE_METHOD_MATCH = YES;
				COPY_PHASE_STRIP = NO;
				DEBUG_INFORMATION_FORMAT = "dwarf-with-dsym";
				ENABLE_NS_ASSERTIONS = NO;
				ENABLE_STRICT_OBJC_MSGSEND = YES;
				GCC_C_LANGUAGE_STANDARD = gnu11;
				GCC_NO_COMMON_BLOCKS = YES;
				GCC_WARN_64_TO_32_BIT_CONVERSION = YES;
				GCC_WARN_ABOUT_RETURN_TYPE = YES_ERROR;
				GCC_WARN_UNDECLARED_SELECTOR = YES;
				GCC_WARN_UNINITIALIZED_AUTOS = YES_AGGRESSIVE;
				GCC_WARN_UNUSED_FUNCTION = YES;
				GCC_WARN_UNUSED_VARIABLE = YES;
				IPHONEOS_DEPLOYMENT_TARGET = 15.4;
				MTL_ENABLE_DEBUG_INFO = NO;
				MTL_FAST_MATH = YES;
				SDKROOT = iphoneos;
				VALIDATE_PRODUCT = YES;
			};
			name = Release;
		};
		AAF222252848B04100B732AE /* Debug */ = {
			isa = XCBuildConfiguration;
			buildSettings = {
				"ARCHS[sdk=iphonesimulator*]" = x86_64;
				ASSETCATALOG_COMPILER_APPICON_NAME = AppIcon;
				ASSETCATALOG_COMPILER_GLOBAL_ACCENT_COLOR_NAME = AccentColor;
				CODE_SIGN_STYLE = Automatic;
				CURRENT_PROJECT_VERSION = 1;
				DEVELOPMENT_TEAM = K8Q74NT2BG;
				ENABLE_BITCODE = NO;
				GENERATE_INFOPLIST_FILE = YES;
				HEADER_SEARCH_PATHS = (
					"$(SRCROOT)/../scrcpy/app/src",
					"$(SRCROOT)/../porting/include",
					"$(SRCROOT)/../external/adb-mobile/output/include",
					"$(SRCROOT)/../output/include",
					"$(SRCROOT)/../scrcpy/x/app",
				);
				INFOPLIST_FILE = "scrcpy-ios/Info.plist";
				INFOPLIST_KEY_CFBundleDisplayName = "Scrcpy Beta";
				INFOPLIST_KEY_UIApplicationSupportsIndirectInputEvents = YES;
				INFOPLIST_KEY_UILaunchStoryboardName = LaunchScreen;
				INFOPLIST_KEY_UIMainStoryboardFile = Main;
				INFOPLIST_KEY_UIRequiresFullScreen = YES;
				INFOPLIST_KEY_UIStatusBarHidden = YES;
				INFOPLIST_KEY_UISupportedInterfaceOrientations = "UIInterfaceOrientationPortrait UIInterfaceOrientationPortraitUpsideDown UIInterfaceOrientationLandscapeRight UIInterfaceOrientationLandscapeLeft";
				INFOPLIST_KEY_UISupportedInterfaceOrientations_iPad = "UIInterfaceOrientationPortrait UIInterfaceOrientationPortraitUpsideDown UIInterfaceOrientationLandscapeLeft UIInterfaceOrientationLandscapeRight";
				INFOPLIST_KEY_UISupportedInterfaceOrientations_iPhone = "UIInterfaceOrientationPortrait UIInterfaceOrientationLandscapeLeft UIInterfaceOrientationLandscapeRight";
				IPHONEOS_DEPLOYMENT_TARGET = 13.0;
				LD_RUNPATH_SEARCH_PATHS = (
					"$(inherited)",
					"@executable_path/Frameworks",
				);
				LIBRARY_SEARCH_PATHS = (
					"$(SRCROOT)/../external/adb-mobile/output",
					"$(SRCROOT)/../output/iphone",
				);
				MARKETING_VERSION = 1.1;
				OTHER_LDFLAGS = (
					"-ObjC",
					"-ladb",
					"-lscrcpy",
					"-lSDL2",
					"-lavfilter",
					"-lavdevice",
					"-lavcodec",
					"-lavformat",
					"-lavutil",
					"-lswresample",
					"-lswscale",
					"-framework",
					AVFoundation,
					"-framework",
					VideoToolbox,
					"-framework",
					CoreMedia,
					"-framework",
					AudioToolbox,
					"-framework",
					AVFAudio,
					"-framework",
					CoreMotion,
					"-framework",
					CoreHaptics,
					"-framework",
					GameController,
					"-lbz2",
					"-liconv",
					"-lz",
					"-lc++",
					"-framework",
					UIKit,
					"-framework",
					Metal,
					"-framework",
					QuartzCore,
					"-framework",
					CoreGraphics,
					"-framework",
					CoreBluetooth,
					"-ObjC",
				);
				PRODUCT_BUNDLE_IDENTIFIER = "com.mobile.scrcpy-ios";
				PRODUCT_NAME = "$(TARGET_NAME)";
				SWIFT_EMIT_LOC_STRINGS = YES;
				TARGETED_DEVICE_FAMILY = "1,2";
			};
			name = Debug;
		};
		AAF222262848B04100B732AE /* Release */ = {
			isa = XCBuildConfiguration;
			buildSettings = {
				ASSETCATALOG_COMPILER_APPICON_NAME = AppIcon;
				ASSETCATALOG_COMPILER_GLOBAL_ACCENT_COLOR_NAME = AccentColor;
				CODE_SIGN_STYLE = Automatic;
				CURRENT_PROJECT_VERSION = 1;
				DEVELOPMENT_TEAM = K8Q74NT2BG;
				ENABLE_BITCODE = NO;
				GENERATE_INFOPLIST_FILE = YES;
				HEADER_SEARCH_PATHS = (
					"$(SRCROOT)/../scrcpy/app/src",
					"$(SRCROOT)/../porting/include",
					"$(SRCROOT)/../external/adb-mobile/output/include",
					"$(SRCROOT)/../output/include",
					"$(SRCROOT)/../scrcpy/x/app",
				);
				INFOPLIST_FILE = "scrcpy-ios/Info.plist";
				INFOPLIST_KEY_CFBundleDisplayName = "Scrcpy Beta";
				INFOPLIST_KEY_UIApplicationSupportsIndirectInputEvents = YES;
				INFOPLIST_KEY_UILaunchStoryboardName = LaunchScreen;
				INFOPLIST_KEY_UIMainStoryboardFile = Main;
				INFOPLIST_KEY_UIRequiresFullScreen = YES;
				INFOPLIST_KEY_UIStatusBarHidden = YES;
				INFOPLIST_KEY_UISupportedInterfaceOrientations = "UIInterfaceOrientationPortrait UIInterfaceOrientationPortraitUpsideDown UIInterfaceOrientationLandscapeRight UIInterfaceOrientationLandscapeLeft";
				INFOPLIST_KEY_UISupportedInterfaceOrientations_iPad = "UIInterfaceOrientationPortrait UIInterfaceOrientationPortraitUpsideDown UIInterfaceOrientationLandscapeLeft UIInterfaceOrientationLandscapeRight";
				INFOPLIST_KEY_UISupportedInterfaceOrientations_iPhone = "UIInterfaceOrientationPortrait UIInterfaceOrientationLandscapeLeft UIInterfaceOrientationLandscapeRight";
				IPHONEOS_DEPLOYMENT_TARGET = 13.0;
				LD_RUNPATH_SEARCH_PATHS = (
					"$(inherited)",
					"@executable_path/Frameworks",
				);
				LIBRARY_SEARCH_PATHS = (
					"$(SRCROOT)/../external/adb-mobile/output",
					"$(SRCROOT)/../output/iphone",
				);
				MARKETING_VERSION = 1.1;
				OTHER_LDFLAGS = (
					"-ObjC",
					"-ladb",
					"-lscrcpy",
					"-lSDL2",
					"-lavfilter",
					"-lavdevice",
					"-lavcodec",
					"-lavformat",
					"-lavutil",
					"-lswresample",
					"-lswscale",
					"-framework",
					AVFoundation,
					"-framework",
					VideoToolbox,
					"-framework",
					CoreMedia,
					"-framework",
					AudioToolbox,
					"-framework",
					AVFAudio,
					"-framework",
					CoreMotion,
					"-framework",
					CoreHaptics,
					"-framework",
					GameController,
					"-lbz2",
					"-liconv",
					"-lz",
					"-lc++",
					"-framework",
					UIKit,
					"-framework",
					Metal,
					"-framework",
					QuartzCore,
					"-framework",
					CoreGraphics,
					"-framework",
					CoreBluetooth,
					"-ObjC",
				);
				PRODUCT_BUNDLE_IDENTIFIER = "com.mobile.scrcpy-ios";
				PRODUCT_NAME = "$(TARGET_NAME)";
				SWIFT_EMIT_LOC_STRINGS = YES;
				TARGETED_DEVICE_FAMILY = "1,2";
			};
			name = Release;
		};
/* End XCBuildConfiguration section */

/* Begin XCConfigurationList section */
		AAF222062848B03F00B732AE /* Build configuration list for PBXProject "scrcpy-ios" */ = {
			isa = XCConfigurationList;
			buildConfigurations = (
				AAF222222848B04100B732AE /* Debug */,
				AAF222232848B04100B732AE /* Release */,
			);
			defaultConfigurationIsVisible = 0;
			defaultConfigurationName = Release;
		};
		AAF222242848B04100B732AE /* Build configuration list for PBXNativeTarget "scrcpy-ios" */ = {
			isa = XCConfigurationList;
			buildConfigurations = (
				AAF222252848B04100B732AE /* Debug */,
				AAF222262848B04100B732AE /* Release */,
			);
			defaultConfigurationIsVisible = 0;
			defaultConfigurationName = Release;
		};
/* End XCConfigurationList section */
	};
	rootObject = AAF222032848B03F00B732AE /* Project object */;
}
